
Microsoft Visual Studio Solution File, Format Version 12.00
# Visual Studio 15
VisualStudioVersion = 15.0.28307.1062
MinimumVisualStudioVersion = 10.0.40219.1
Project("{8BC9CEB8-8B4A-11D0-8D11-00A0C91BC942}") = "SyntaxA", "SyntaxA\SyntaxA.vcxproj", "{ABC84DEA-415C-4130-BAC5-D510A1FEDB60}"
EndProject
Global
	GlobalSection(SolutionConfigurationPlatforms) = preSolution
		Debug|x64 = Debug|x64
		Debug|x86 = Debug|x86
		Release|x64 = Release|x64
		Release|x86 = Release|x86
	EndGlobalSection
	GlobalSection(ProjectConfigurationPlatforms) = postSolution
		{ABC84DEA-415C-4130-BAC5-D510A1FEDB60}.Debug|x64.ActiveCfg = Debug|x64
		{ABC84DEA-415C-4130-BAC5-D510A1FEDB60}.Debug|x64.Build.0 = Debug|x64
		{ABC84DEA-415C-4130-BAC5-D510A1FEDB60}.Debug|x86.ActiveCfg = Debug|Win32
		{ABC84DEA-415C-4130-BAC5-D510A1FEDB60}.Debug|x86.Build.0 = Debug|Win32
		{ABC84DEA-415C-4130-BAC5-D510A1FEDB60}.Release|x64.ActiveCfg = Release|x64
		{ABC84DEA-415C-4130-BAC5-D510A1FEDB60}.Release|x64.Build.0 = Release|x64
		{ABC84DEA-415C-4130-BAC5-D510A1FEDB60}.Release|x86.ActiveCfg = Release|Win32
		{ABC84DEA-415C-4130-BAC5-D510A1FEDB60}.Release|x86.Build.0 = Release|Win32
	EndGlobalSection
	GlobalSection(SolutionProperties) = preSolution
		HideSolutionNode = FALSE
	EndGlobalSection
	GlobalSection(ExtensibilityGlobals) = postSolution
		SolutionGuid = {E21C456D-5455-45C8-BC75-90A9EA85F80C}
	EndGlobalSection
EndGlobal
